# This file is automatically @generated by Cargo.
# It is not intended for manual editing.
version = 3

[[package]]
name = "day_01"
version = "0.1.0"
dependencies = [
 "utils",
]

[[package]]
name = "day_02"
version = "0.1.0"
dependencies = [
 "utils",
]

[[package]]
name = "day_03"
version = "0.1.0"
dependencies = [
 "utils",
]

[[package]]
name = "day_04"
version = "0.1.0"
dependencies = [
 "utils",
]

[[package]]
name = "day_05"
version = "0.1.0"
dependencies = [
 "utils",
]

[[package]]
name = "day_06"
version = "0.1.0"
dependencies = [
 "utils",
]

[[package]]
name = "day_07"
version = "0.1.0"
dependencies = [
 "utils",
]

[[package]]
name = "day_08"
version = "0.1.0"
dependencies = [
 "utils",
]

[[package]]
name = "day_09"
version = "0.1.0"
dependencies = [
 "utils",
]

[[package]]
name = "day_10"
version = "0.1.0"
dependencies = [
 "utils",
]

[[package]]
name = "day_11"
version = "0.1.0"
dependencies = [
 "utils",
]

[[package]]
name = "day_12"
version = "0.1.0"
dependencies = [
 "utils",
]

[[package]]
name = "day_13"
version = "0.1.0"
dependencies = [
 "utils",
]

[[package]]
name = "day_14"
version = "0.1.0"
dependencies = [
 "utils",
]

[[package]]
name = "day_15"
version = "0.1.0"
dependencies = [
 "utils",
]

[[package]]
name = "day_16"
version = "0.1.0"
dependencies = [
 "utils",
]

[[package]]
name = "day_17"
version = "0.1.0"
dependencies = [
 "utils",
]

[[package]]
name = "day_18"
version = "0.1.0"
dependencies = [
 "utils",
]

[[package]]
name = "day_19"
version = "0.1.0"
dependencies = [
 "utils",
]

[[package]]
name = "day_20"
version = "0.1.0"
dependencies = [
 "utils",
]

[[package]]
name = "day_21"
version = "0.1.0"
dependencies = [
 "utils",
]

[[package]]
name = "day_22"
version = "0.1.0"
dependencies = [
 "utils",
]

[[package]]
name = "day_23"
version = "0.1.0"
dependencies = [
 "utils",
]

[[package]]
name = "day_24"
version = "0.1.0"
dependencies = [
 "utils",
]

[[package]]
name = "day_25"
version = "0.1.0"
dependencies = [
 "utils",
]

[[package]]
name = "interface"
version = "0.1.0"
dependencies = [
 "day_01",
 "day_02",
 "day_03",
 "day_04",
 "day_05",
 "day_06",
 "day_07",
 "day_08",
 "day_09",
 "day_10",
 "day_11",
 "day_12",
 "day_13",
 "day_14",
 "day_15",
 "day_16",
 "day_17",
 "day_18",
 "day_19",
 "day_20",
 "day_21",
 "day_22",
 "day_23",
 "day_24",
 "day_25",
 "utils",
]

[[package]]
name = "utils"
version = "0.1.0"
